
Microsoft Visual Studio Solution File, Format Version 12.00
# Visual Studio Version 17
VisualStudioVersion = 17.6.33723.286
MinimumVisualStudioVersion = 10.0.40219.1
Project("{FAE04EC0-301F-11D3-BF4B-00C04F79EFBC}") = "Finbourne.GenericCache.Memory", "Source\Finbourne.GenericCache.Memory\Finbourne.GenericCache.Memory.csproj", "{47CBC8D5-F158-4307-8AC5-240DD51BC863}"
EndProject
Project("{9A19103F-16F7-4668-BE54-9A1E7A4F7556}") = "Finbourne.GenericCache.Core", "Source\Finbourne.GenericCache.Core\Finbourne.GenericCache.Core.csproj", "{BCC78565-316E-442A-B7A8-FAE59B76AE19}"
EndProject
Project("{FAE04EC0-301F-11D3-BF4B-00C04F79EFBC}") = "Finbourne.GenericCache.Example", "Source\Finbourne.GenericCache.Example\Finbourne.GenericCache.Example.csproj", "{BA4F1AB5-7AB3-4AEE-8673-C2CD7E5BB3CF}"
EndProject
Project("{FAE04EC0-301F-11D3-BF4B-00C04F79EFBC}") = "Finbourne.GenericCache.Test", "Source\Finbourne.GenericCache.Test\Finbourne.GenericCache.Test.csproj", "{DB60011C-F024-4D50-A6E0-2E8B4046B165}"
EndProject
Global
	GlobalSection(SolutionConfigurationPlatforms) = preSolution
		Debug|Any CPU = Debug|Any CPU
		Release|Any CPU = Release|Any CPU
	EndGlobalSection
	GlobalSection(ProjectConfigurationPlatforms) = postSolution
		{47CBC8D5-F158-4307-8AC5-240DD51BC863}.Debug|Any CPU.ActiveCfg = Debug|Any CPU
		{47CBC8D5-F158-4307-8AC5-240DD51BC863}.Debug|Any CPU.Build.0 = Debug|Any CPU
		{47CBC8D5-F158-4307-8AC5-240DD51BC863}.Release|Any CPU.ActiveCfg = Release|Any CPU
		{47CBC8D5-F158-4307-8AC5-240DD51BC863}.Release|Any CPU.Build.0 = Release|Any CPU
		{BCC78565-316E-442A-B7A8-FAE59B76AE19}.Debug|Any CPU.ActiveCfg = Debug|Any CPU
		{BCC78565-316E-442A-B7A8-FAE59B76AE19}.Debug|Any CPU.Build.0 = Debug|Any CPU
		{BCC78565-316E-442A-B7A8-FAE59B76AE19}.Release|Any CPU.ActiveCfg = Release|Any CPU
		{BCC78565-316E-442A-B7A8-FAE59B76AE19}.Release|Any CPU.Build.0 = Release|Any CPU
		{BA4F1AB5-7AB3-4AEE-8673-C2CD7E5BB3CF}.Debug|Any CPU.ActiveCfg = Debug|Any CPU
		{BA4F1AB5-7AB3-4AEE-8673-C2CD7E5BB3CF}.Debug|Any CPU.Build.0 = Debug|Any CPU
		{BA4F1AB5-7AB3-4AEE-8673-C2CD7E5BB3CF}.Release|Any CPU.ActiveCfg = Release|Any CPU
		{BA4F1AB5-7AB3-4AEE-8673-C2CD7E5BB3CF}.Release|Any CPU.Build.0 = Release|Any CPU
		{DB60011C-F024-4D50-A6E0-2E8B4046B165}.Debug|Any CPU.ActiveCfg = Debug|Any CPU
		{DB60011C-F024-4D50-A6E0-2E8B4046B165}.Debug|Any CPU.Build.0 = Debug|Any CPU
		{DB60011C-F024-4D50-A6E0-2E8B4046B165}.Release|Any CPU.ActiveCfg = Release|Any CPU
		{DB60011C-F024-4D50-A6E0-2E8B4046B165}.Release|Any CPU.Build.0 = Release|Any CPU
	EndGlobalSection
	GlobalSection(SolutionProperties) = preSolution
		HideSolutionNode = FALSE
	EndGlobalSection
	GlobalSection(ExtensibilityGlobals) = postSolution
		SolutionGuid = {02AF4CCD-A718-4673-B1D9-7E5799A75B57}
	EndGlobalSection
EndGlobal
